// !$*UTF8*$!
{
	archiveVersion = 1;
	classes = {
	};
	objectVersion = 46;
	objects = {

/* Begin PBXBuildFile section */
		2582A0BD15C27DCD00D6D1BC /* libirrklang.dylib in Frameworks */ = {isa = PBXBuildFile; fileRef = 2582A0BC15C27DCD00D6D1BC /* libirrklang.dylib */; };
		2582A0C115C280F400D6D1BC /* libirrklang.dylib in CopyFiles */ = {isa = PBXBuildFile; fileRef = 2582A0BC15C27DCD00D6D1BC /* libirrklang.dylib */; };
		2582A0C515C28F4800D6D1BC /* ikpMP3.dylib in CopyFiles */ = {isa = PBXBuildFile; fileRef = 2582A0C415C28F4800D6D1BC /* ikpMP3.dylib */; };
		2582A0C715C2900600D6D1BC /* ikpFLAC.dylib in CopyFiles */ = {isa = PBXBuildFile; fileRef = 2582A0C615C2900600D6D1BC /* ikpFLAC.dylib */; };
		2583762A15D7A696008C49D1 /* tinyxml2.cpp in Sources */ = {isa = PBXBuildFile; fileRef = 2583762915D7A696008C49D1 /* tinyxml2.cpp */; };
		25E987C015C2767500CAAF1D /* main.cpp in Sources */ = {isa = PBXBuildFile; fileRef = 25E987BF15C2767500CAAF1D /* main.cpp */; };
		25E987C215C2767500CAAF1D /* Musicate.1 in CopyFiles */ = {isa = PBXBuildFile; fileRef = 25E987C115C2767500CAAF1D /* Musicate.1 */; };
/* End PBXBuildFile section */

/* Begin PBXCopyFilesBuildPhase section */
		2582A0C015C280D900D6D1BC /* CopyFiles */ = {
			isa = PBXCopyFilesBuildPhase;
			buildActionMask = 2147483647;
			dstPath = user/local/lib;
			dstSubfolderSpec = 10;
			files = (
				2582A0C115C280F400D6D1BC /* libirrklang.dylib in CopyFiles */,
			);
			runOnlyForDeploymentPostprocessing = 0;
		};
		2582A0C315C28F2700D6D1BC /* CopyFiles */ = {
			isa = PBXCopyFilesBuildPhase;
			buildActionMask = 2147483647;
			dstPath = "";
			dstSubfolderSpec = 13;
			files = (
				2582A0C715C2900600D6D1BC /* ikpFLAC.dylib in CopyFiles */,
				2582A0C515C28F4800D6D1BC /* ikpMP3.dylib in CopyFiles */,
			);
			runOnlyForDeploymentPostprocessing = 0;
		};
		25E987B915C2767500CAAF1D /* CopyFiles */ = {
			isa = PBXCopyFilesBuildPhase;
			buildActionMask = 2147483647;
			dstPath = usr/share/man/man1;
			dstSubfolderSpec = 0;
			files = (
				25E987C215C2767500CAAF1D /* Musicate.1 in CopyFiles */,
			);
			runOnlyForDeploymentPostprocessing = 1;
		};
/* End PBXCopyFilesBuildPhase section */

/* Begin PBXFileReference section */
		2564257415C68CA4006E01E7 /* mfile.h */ = {isa = PBXFileReference; lastKnownFileType = sourcecode.c.h; path = mfile.h; sourceTree = "<group>"; };
		2582A0BC15C27DCD00D6D1BC /* libirrklang.dylib */ = {isa = PBXFileReference; lastKnownFileType = "compiled.mach-o.dylib"; name = libirrklang.dylib; path = Musicate/libirrklang.dylib; sourceTree = "<group>"; };
		2582A0C415C28F4800D6D1BC /* ikpMP3.dylib */ = {isa = PBXFileReference; lastKnownFileType = "compiled.mach-o.dylib"; name = ikpMP3.dylib; path = Musicate/ikpMP3.dylib; sourceTree = "<group>"; };
		2582A0C615C2900600D6D1BC /* ikpFLAC.dylib */ = {isa = PBXFileReference; lastKnownFileType = "compiled.mach-o.dylib"; name = ikpFLAC.dylib; path = Musicate/ikpFLAC.dylib; sourceTree = "<group>"; };
		2583762815D7A696008C49D1 /* tinyxml2.h */ = {isa = PBXFileReference; fileEncoding = 4; lastKnownFileType = sourcecode.c.h; name = tinyxml2.h; path = Musicate/tinyxml2/tinyxml2.h; sourceTree = "<group>"; };
		2583762915D7A696008C49D1 /* tinyxml2.cpp */ = {isa = PBXFileReference; fileEncoding = 4; lastKnownFileType = sourcecode.cpp.cpp; name = tinyxml2.cpp; path = tinyxml2/tinyxml2.cpp; sourceTree = "<group>"; };
		2583762D15D7A864008C49D1 /* 02 Daaru Desi  - DownloadMing.INFO.mp3 */ = {isa = PBXFileReference; lastKnownFileType = audio.mp3; name = "02 Daaru Desi  - DownloadMing.INFO.mp3"; path = "Musicate/02 Daaru Desi  - DownloadMing.INFO.mp3"; sourceTree = "<group>"; };
		2583762E15D7A864008C49D1 /* dream.xml */ = {isa = PBXFileReference; fileEncoding = 4; lastKnownFileType = text.xml; path = dream.xml; sourceTree = "<group>"; };
		25E987BB15C2767500CAAF1D /* Musicate */ = {isa = PBXFileReference; explicitFileType = "compiled.mach-o.executable"; includeInIndex = 0; path = Musicate; sourceTree = BUILT_PRODUCTS_DIR; };
		25E987BF15C2767500CAAF1D /* main.cpp */ = {isa = PBXFileReference; lastKnownFileType = sourcecode.cpp.cpp; path = main.cpp; sourceTree = "<group>"; };
		25E987C115C2767500CAAF1D /* Musicate.1 */ = {isa = PBXFileReference; lastKnownFileType = text.man; path = Musicate.1; sourceTree = "<group>"; };
/* End PBXFileReference section */

/* Begin PBXFrameworksBuildPhase section */
		25E987B815C2767500CAAF1D /* Frameworks */ = {
			isa = PBXFrameworksBuildPhase;
			buildActionMask = 2147483647;
			files = (
				2582A0BD15C27DCD00D6D1BC /* libirrklang.dylib in Frameworks */,
			);
			runOnlyForDeploymentPostprocessing = 0;
		};
/* End PBXFrameworksBuildPhase section */

/* Begin PBXGroup section */
		2564257115C68B7D006E01E7 /* Headers */ = {
			isa = PBXGroup;
			children = (
				2583762815D7A696008C49D1 /* tinyxml2.h */,
				2564257415C68CA4006E01E7 /* mfile.h */,
			);
			name = Headers;
			sourceTree = "<group>";
		};
		2583762C15D7A83A008C49D1 /* Examples */ = {
			isa = PBXGroup;
			children = (
				2583762D15D7A864008C49D1 /* 02 Daaru Desi  - DownloadMing.INFO.mp3 */,
				2583762E15D7A864008C49D1 /* dream.xml */,
			);
			name = Examples;
			sourceTree = "<group>";
		};
		25E987B015C2767500CAAF1D = {
			isa = PBXGroup;
			children = (
				2583762C15D7A83A008C49D1 /* Examples */,
				2564257115C68B7D006E01E7 /* Headers */,
				2582A0C615C2900600D6D1BC /* ikpFLAC.dylib */,
				2582A0C415C28F4800D6D1BC /* ikpMP3.dylib */,
				2582A0BC15C27DCD00D6D1BC /* libirrklang.dylib */,
				25E987BE15C2767500CAAF1D /* Musicate */,
				25E987BC15C2767500CAAF1D /* Products */,
			);
			sourceTree = "<group>";
		};
		25E987BC15C2767500CAAF1D /* Products */ = {
			isa = PBXGroup;
			children = (
				25E987BB15C2767500CAAF1D /* Musicate */,
			);
			name = Products;
			sourceTree = "<group>";
		};
		25E987BE15C2767500CAAF1D /* Musicate */ = {
			isa = PBXGroup;
			children = (
				2583762915D7A696008C49D1 /* tinyxml2.cpp */,
				25E987BF15C2767500CAAF1D /* main.cpp */,
				25E987C115C2767500CAAF1D /* Musicate.1 */,
			);
			path = Musicate;
			sourceTree = "<group>";
		};
/* End PBXGroup section */

/* Begin PBXNativeTarget section */
		25E987BA15C2767500CAAF1D /* Musicate */ = {
			isa = PBXNativeTarget;
			buildConfigurationList = 25E987C515C2767500CAAF1D /* Build configuration list for PBXNativeTarget "Musicate" */;
			buildPhases = (
				25E987B715C2767500CAAF1D /* Sources */,
				25E987B815C2767500CAAF1D /* Frameworks */,
				25E987B915C2767500CAAF1D /* CopyFiles */,
				2582A0C015C280D900D6D1BC /* CopyFiles */,
				2582A0BE15C2803C00D6D1BC /* ShellScript */,
				2582A0C315C28F2700D6D1BC /* CopyFiles */,
			);
			buildRules = (
			);
			dependencies = (
			);
			name = Musicate;
			productName = Musicate;
			productReference = 25E987BB15C2767500CAAF1D /* Musicate */;
			productType = "com.apple.product-type.tool";
		};
/* End PBXNativeTarget section */

/* Begin PBXProject section */
		25E987B215C2767500CAAF1D /* Project object */ = {
			isa = PBXProject;
			attributes = {
				LastUpgradeCheck = 0430;
			};
			buildConfigurationList = 25E987B515C2767500CAAF1D /* Build configuration list for PBXProject "Musicate" */;
			compatibilityVersion = "Xcode 3.2";
			developmentRegion = English;
			hasScannedForEncodings = 0;
			knownRegions = (
				en,
			);
			mainGroup = 25E987B015C2767500CAAF1D;
			productRefGroup = 25E987BC15C2767500CAAF1D /* Products */;
			projectDirPath = "";
			projectRoot = "";
			targets = (
				25E987BA15C2767500CAAF1D /* Musicate */,
			);
		};
/* End PBXProject section */

/* Begin PBXShellScriptBuildPhase section */
		2582A0BE15C2803C00D6D1BC /* ShellScript */ = {
			isa = PBXShellScriptBuildPhase;
			buildActionMask = 2147483647;
			files = (
			);
			inputPaths = (
			);
			outputPaths = (
			);
			runOnlyForDeploymentPostprocessing = 0;
			shellPath = /bin/sh;
			shellScript = "install_name_tool -change /usr/local/lib/libirrklang.dylib @executable_path/libirrklang.dylib \"$TARGET_BUILD_DIR/$PRODUCT_NAME\"";
		};
/* End PBXShellScriptBuildPhase section */

/* Begin PBXSourcesBuildPhase section */
		25E987B715C2767500CAAF1D /* Sources */ = {
			isa = PBXSourcesBuildPhase;
			buildActionMask = 2147483647;
			files = (
				25E987C015C2767500CAAF1D /* main.cpp in Sources */,
				2583762A15D7A696008C49D1 /* tinyxml2.cpp in Sources */,
			);
			runOnlyForDeploymentPostprocessing = 0;
		};
/* End PBXSourcesBuildPhase section */

/* Begin XCBuildConfiguration section */
		25E987C315C2767500CAAF1D /* Debug */ = {
			isa = XCBuildConfiguration;
			buildSettings = {
				ALWAYS_SEARCH_USER_PATHS = NO;
				ARCHS = "$(ARCHS_STANDARD_32_BIT)";
				CLANG_ENABLE_OBJC_ARC = YES;
				COPY_PHASE_STRIP = NO;
				GCC_C_LANGUAGE_STANDARD = gnu99;
				GCC_DYNAMIC_NO_PIC = NO;
				GCC_ENABLE_OBJC_EXCEPTIONS = YES;
				GCC_OPTIMIZATION_LEVEL = 0;
				GCC_PREPROCESSOR_DEFINITIONS = (
					"DEBUG=1",
					"$(inherited)",
				);
				GCC_SYMBOLS_PRIVATE_EXTERN = NO;
				GCC_VERSION = com.apple.compilers.llvm.clang.1_0;
				GCC_WARN_64_TO_32_BIT_CONVERSION = YES;
				GCC_WARN_ABOUT_RETURN_TYPE = YES;
				GCC_WARN_UNINITIALIZED_AUTOS = YES;
				GCC_WARN_UNUSED_VARIABLE = YES;
				MACOSX_DEPLOYMENT_TARGET = 10.7;
				ONLY_ACTIVE_ARCH = YES;
				SDKROOT = macosx;
			};
			name = Debug;
		};
		25E987C415C2767500CAAF1D /* Release */ = {
			isa = XCBuildConfiguration;
			buildSettings = {
				ALWAYS_SEARCH_USER_PATHS = NO;
				ARCHS = "$(ARCHS_STANDARD_32_BIT)";
				CLANG_ENABLE_OBJC_ARC = YES;
				COPY_PHASE_STRIP = YES;
				DEBUG_INFORMATION_FORMAT = "dwarf-with-dsym";
				GCC_C_LANGUAGE_STANDARD = gnu99;
				GCC_ENABLE_OBJC_EXCEPTIONS = YES;
				GCC_VERSION = com.apple.compilers.llvm.clang.1_0;
				GCC_WARN_64_TO_32_BIT_CONVERSION = YES;
				GCC_WARN_ABOUT_RETURN_TYPE = YES;
				GCC_WARN_UNINITIALIZED_AUTOS = YES;
				GCC_WARN_UNUSED_VARIABLE = YES;
				MACOSX_DEPLOYMENT_TARGET = 10.7;
				SDKROOT = macosx;
			};
			name = Release;
		};
		25E987C615C2767500CAAF1D /* Debug */ = {
			isa = XCBuildConfiguration;
			buildSettings = {
				HEADER_SEARCH_PATHS = Musicate/include;
				LIBRARY_SEARCH_PATHS = (
					"$(inherited)",
					"\"$(SRCROOT)/Musicate\"",
				);
				PRODUCT_NAME = "$(TARGET_NAME)";
			};
			name = Debug;
		};
		25E987C715C2767500CAAF1D /* Release */ = {
			isa = XCBuildConfiguration;
			buildSettings = {
				HEADER_SEARCH_PATHS = Musicate/include;
				LIBRARY_SEARCH_PATHS = (
					"$(inherited)",
					"\"$(SRCROOT)/Musicate\"",
				);
				PRODUCT_NAME = "$(TARGET_NAME)";
			};
			name = Release;
		};
/* End XCBuildConfiguration section */

/* Begin XCConfigurationList section */
		25E987B515C2767500CAAF1D /* Build configuration list for PBXProject "Musicate" */ = {
			isa = XCConfigurationList;
			buildConfigurations = (
				25E987C315C2767500CAAF1D /* Debug */,
				25E987C415C2767500CAAF1D /* Release */,
			);
			defaultConfigurationIsVisible = 0;
			defaultConfigurationName = Release;
		};
		25E987C515C2767500CAAF1D /* Build configuration list for PBXNativeTarget "Musicate" */ = {
			isa = XCConfigurationList;
			buildConfigurations = (
				25E987C615C2767500CAAF1D /* Debug */,
				25E987C715C2767500CAAF1D /* Release */,
			);
			defaultConfigurationIsVisible = 0;
			defaultConfigurationName = Release;
		};
/* End XCConfigurationList section */
	};
	rootObject = 25E987B215C2767500CAAF1D /* Project object */;
}
